
Microsoft Visual Studio Solution File, Format Version 12.00
# Visual Studio 15
VisualStudioVersion = 15.0.28307.645
MinimumVisualStudioVersion = 10.0.40219.1
Project("{FAE04EC0-301F-11D3-BF4B-00C04F79EFBC}") = "CSharp2", "CSharp2\CSharp2.csproj", "{2F7E42A9-06EB-488B-8A43-263187FEC66A}"
EndProject
Project("{FAE04EC0-301F-11D3-BF4B-00C04F79EFBC}") = "DZ2Ch1", "DZ2Ch1\DZ2Ch1.csproj", "{79AB579F-0438-4157-B160-1FE0E394D33B}"
EndProject
Project("{FAE04EC0-301F-11D3-BF4B-00C04F79EFBC}") = "DZ2Ch4", "DZ2Ch4\DZ2Ch4.csproj", "{8A7603DE-5F31-4D55-8B1F-071A6DA6D298}"
EndProject
Project("{FAE04EC0-301F-11D3-BF4B-00C04F79EFBC}") = "DZ2Ch5", "DZ2Ch5\DZ2Ch5.csproj", "{BD2BBEFE-39D5-4D60-A250-77ED75ADA5BE}"
EndProject
Project("{FAE04EC0-301F-11D3-BF4B-00C04F79EFBC}") = "DZ2Ch6", "DZ2Ch6\DZ2Ch6.csproj", "{3EC815BD-BEA1-4E2E-99DA-1B017CA08B06}"
EndProject
Project("{FAE04EC0-301F-11D3-BF4B-00C04F79EFBC}") = "DZ2Ch7", "DZ2Ch7\DZ2Ch7.csproj", "{82E2C04E-D18D-4AAD-BB24-0082FD5A5445}"
EndProject
Project("{FAE04EC0-301F-11D3-BF4B-00C04F79EFBC}") = "DZ2Ch8_Host", "DZ2Ch8_Host\DZ2Ch8_Host.csproj", "{17352952-FF90-47AB-82ED-9AF373EA5C3A}"
EndProject
Project("{FAE04EC0-301F-11D3-BF4B-00C04F79EFBC}") = "DZ2Ch8_Client", "DZ2Ch8_Client\DZ2Ch8_Client.csproj", "{C3E35F53-FA66-4F5B-9F68-F861797ECDE5}"
EndProject
Project("{FAE04EC0-301F-11D3-BF4B-00C04F79EFBC}") = "WCF_ChatService", "WCF_ChatService\WCF_ChatService.csproj", "{0B4D3065-2AF0-4ED9-A7F9-F1DB595DDB08}"
EndProject
Project("{FAE04EC0-301F-11D3-BF4B-00C04F79EFBC}") = "WCF_ChatClient", "WCF_ChatClient\WCF_ChatClient.csproj", "{9665AB8D-161E-4F9E-B282-BB917AA6F7C5}"
EndProject
Global
	GlobalSection(SolutionConfigurationPlatforms) = preSolution
		Debug|Any CPU = Debug|Any CPU
		Release|Any CPU = Release|Any CPU
	EndGlobalSection
	GlobalSection(ProjectConfigurationPlatforms) = postSolution
		{2F7E42A9-06EB-488B-8A43-263187FEC66A}.Debug|Any CPU.ActiveCfg = Debug|Any CPU
		{2F7E42A9-06EB-488B-8A43-263187FEC66A}.Debug|Any CPU.Build.0 = Debug|Any CPU
		{2F7E42A9-06EB-488B-8A43-263187FEC66A}.Release|Any CPU.ActiveCfg = Release|Any CPU
		{2F7E42A9-06EB-488B-8A43-263187FEC66A}.Release|Any CPU.Build.0 = Release|Any CPU
		{79AB579F-0438-4157-B160-1FE0E394D33B}.Debug|Any CPU.ActiveCfg = Debug|Any CPU
		{79AB579F-0438-4157-B160-1FE0E394D33B}.Debug|Any CPU.Build.0 = Debug|Any CPU
		{79AB579F-0438-4157-B160-1FE0E394D33B}.Release|Any CPU.ActiveCfg = Release|Any CPU
		{79AB579F-0438-4157-B160-1FE0E394D33B}.Release|Any CPU.Build.0 = Release|Any CPU
		{8A7603DE-5F31-4D55-8B1F-071A6DA6D298}.Debug|Any CPU.ActiveCfg = Debug|Any CPU
		{8A7603DE-5F31-4D55-8B1F-071A6DA6D298}.Debug|Any CPU.Build.0 = Debug|Any CPU
		{8A7603DE-5F31-4D55-8B1F-071A6DA6D298}.Release|Any CPU.ActiveCfg = Release|Any CPU
		{8A7603DE-5F31-4D55-8B1F-071A6DA6D298}.Release|Any CPU.Build.0 = Release|Any CPU
		{BD2BBEFE-39D5-4D60-A250-77ED75ADA5BE}.Debug|Any CPU.ActiveCfg = Debug|Any CPU
		{BD2BBEFE-39D5-4D60-A250-77ED75ADA5BE}.Debug|Any CPU.Build.0 = Debug|Any CPU
		{BD2BBEFE-39D5-4D60-A250-77ED75ADA5BE}.Release|Any CPU.ActiveCfg = Release|Any CPU
		{BD2BBEFE-39D5-4D60-A250-77ED75ADA5BE}.Release|Any CPU.Build.0 = Release|Any CPU
		{3EC815BD-BEA1-4E2E-99DA-1B017CA08B06}.Debug|Any CPU.ActiveCfg = Debug|Any CPU
		{3EC815BD-BEA1-4E2E-99DA-1B017CA08B06}.Debug|Any CPU.Build.0 = Debug|Any CPU
		{3EC815BD-BEA1-4E2E-99DA-1B017CA08B06}.Release|Any CPU.ActiveCfg = Release|Any CPU
		{3EC815BD-BEA1-4E2E-99DA-1B017CA08B06}.Release|Any CPU.Build.0 = Release|Any CPU
		{82E2C04E-D18D-4AAD-BB24-0082FD5A5445}.Debug|Any CPU.ActiveCfg = Debug|Any CPU
		{82E2C04E-D18D-4AAD-BB24-0082FD5A5445}.Debug|Any CPU.Build.0 = Debug|Any CPU
		{82E2C04E-D18D-4AAD-BB24-0082FD5A5445}.Release|Any CPU.ActiveCfg = Release|Any CPU
		{82E2C04E-D18D-4AAD-BB24-0082FD5A5445}.Release|Any CPU.Build.0 = Release|Any CPU
		{17352952-FF90-47AB-82ED-9AF373EA5C3A}.Debug|Any CPU.ActiveCfg = Debug|Any CPU
		{17352952-FF90-47AB-82ED-9AF373EA5C3A}.Debug|Any CPU.Build.0 = Debug|Any CPU
		{17352952-FF90-47AB-82ED-9AF373EA5C3A}.Release|Any CPU.ActiveCfg = Release|Any CPU
		{17352952-FF90-47AB-82ED-9AF373EA5C3A}.Release|Any CPU.Build.0 = Release|Any CPU
		{C3E35F53-FA66-4F5B-9F68-F861797ECDE5}.Debug|Any CPU.ActiveCfg = Debug|Any CPU
		{C3E35F53-FA66-4F5B-9F68-F861797ECDE5}.Debug|Any CPU.Build.0 = Debug|Any CPU
		{C3E35F53-FA66-4F5B-9F68-F861797ECDE5}.Release|Any CPU.ActiveCfg = Release|Any CPU
		{C3E35F53-FA66-4F5B-9F68-F861797ECDE5}.Release|Any CPU.Build.0 = Release|Any CPU
		{0B4D3065-2AF0-4ED9-A7F9-F1DB595DDB08}.Debug|Any CPU.ActiveCfg = Debug|Any CPU
		{0B4D3065-2AF0-4ED9-A7F9-F1DB595DDB08}.Debug|Any CPU.Build.0 = Debug|Any CPU
		{0B4D3065-2AF0-4ED9-A7F9-F1DB595DDB08}.Release|Any CPU.ActiveCfg = Release|Any CPU
		{0B4D3065-2AF0-4ED9-A7F9-F1DB595DDB08}.Release|Any CPU.Build.0 = Release|Any CPU
		{9665AB8D-161E-4F9E-B282-BB917AA6F7C5}.Debug|Any CPU.ActiveCfg = Debug|Any CPU
		{9665AB8D-161E-4F9E-B282-BB917AA6F7C5}.Debug|Any CPU.Build.0 = Debug|Any CPU
		{9665AB8D-161E-4F9E-B282-BB917AA6F7C5}.Release|Any CPU.ActiveCfg = Release|Any CPU
		{9665AB8D-161E-4F9E-B282-BB917AA6F7C5}.Release|Any CPU.Build.0 = Release|Any CPU
	EndGlobalSection
	GlobalSection(SolutionProperties) = preSolution
		HideSolutionNode = FALSE
	EndGlobalSection
	GlobalSection(ExtensibilityGlobals) = postSolution
		SolutionGuid = {DA66DD43-A4DE-4A55-A42D-5FDECCE3D03E}
	EndGlobalSection
EndGlobal
